{
  "R": {
    "Version": "4.2.2",
    "Repositories": [
      {
        "Name": "CRAN",
        "URL": "https://www.stats.bris.ac.uk/R"
      }
    ]
  },
  "Packages": {
    "renv": {
      "Package": "renv",
      "Version": "0.16.0",
      "OS_type": NA,
      "Repository": "CRAN",
      "Source": "Repository",
      "Requirements": []
    }
  }
}
